
Microsoft Visual Studio Solution File, Format Version 12.00
# Visual Studio Version 17
VisualStudioVersion = 17.3.32825.248
MinimumVisualStudioVersion = 10.0.40219.1
Project("{8BC9CEB8-8B4A-11D0-8D11-00A0C91BC942}") = "Ch4DelimeterMatching", "Ch4DelimeterMatching\Ch4DelimeterMatching.vcxproj", "{524832AE-9890-4FBE-BDCA-EEA2A46DBF96}"
EndProject
Global
	GlobalSection(SolutionConfigurationPlatforms) = preSolution
		Debug|x64 = Debug|x64
		Debug|x86 = Debug|x86
		Release|x64 = Release|x64
		Release|x86 = Release|x86
	EndGlobalSection
	GlobalSection(ProjectConfigurationPlatforms) = postSolution
		{524832AE-9890-4FBE-BDCA-EEA2A46DBF96}.Debug|x64.ActiveCfg = Debug|x64
		{524832AE-9890-4FBE-BDCA-EEA2A46DBF96}.Debug|x64.Build.0 = Debug|x64
		{524832AE-9890-4FBE-BDCA-EEA2A46DBF96}.Debug|x86.ActiveCfg = Debug|Win32
		{524832AE-9890-4FBE-BDCA-EEA2A46DBF96}.Debug|x86.Build.0 = Debug|Win32
		{524832AE-9890-4FBE-BDCA-EEA2A46DBF96}.Release|x64.ActiveCfg = Release|x64
		{524832AE-9890-4FBE-BDCA-EEA2A46DBF96}.Release|x64.Build.0 = Release|x64
		{524832AE-9890-4FBE-BDCA-EEA2A46DBF96}.Release|x86.ActiveCfg = Release|Win32
		{524832AE-9890-4FBE-BDCA-EEA2A46DBF96}.Release|x86.Build.0 = Release|Win32
	EndGlobalSection
	GlobalSection(SolutionProperties) = preSolution
		HideSolutionNode = FALSE
	EndGlobalSection
	GlobalSection(ExtensibilityGlobals) = postSolution
		SolutionGuid = {336C49E9-3D6C-40DB-979B-70A47BC4AC5C}
	EndGlobalSection
EndGlobal
